
Microsoft Visual Studio Solution File, Format Version 12.00
# Visual Studio Version 18
VisualStudioVersion = 18.1.11312.151 d18.0
MinimumVisualStudioVersion = 10.0.40219.1
Project("{FAE04EC0-301F-11D3-BF4B-00C04F79EFBC}") = "FreshDeskAPI", "FreshDeskAPI.csproj", "{20704365-AD57-182D-D8BC-246434F7F5B3}"
EndProject
Global
	GlobalSection(SolutionConfigurationPlatforms) = preSolution
		Debug|Any CPU = Debug|Any CPU
		Release|Any CPU = Release|Any CPU
	EndGlobalSection
	GlobalSection(ProjectConfigurationPlatforms) = postSolution
		{20704365-AD57-182D-D8BC-246434F7F5B3}.Debug|Any CPU.ActiveCfg = Debug|Any CPU
		{20704365-AD57-182D-D8BC-246434F7F5B3}.Debug|Any CPU.Build.0 = Debug|Any CPU
		{20704365-AD57-182D-D8BC-246434F7F5B3}.Release|Any CPU.ActiveCfg = Release|Any CPU
		{20704365-AD57-182D-D8BC-246434F7F5B3}.Release|Any CPU.Build.0 = Release|Any CPU
	EndGlobalSection
	GlobalSection(SolutionProperties) = preSolution
		HideSolutionNode = FALSE
	EndGlobalSection
	GlobalSection(ExtensibilityGlobals) = postSolution
		SolutionGuid = {98F4028E-6D6D-462C-8D77-5084CAAF414B}
	EndGlobalSection
EndGlobal
